
Microsoft Visual Studio Solution File, Format Version 12.00
# Visual Studio Version 17
VisualStudioVersion = 17.2.32602.215
MinimumVisualStudioVersion = 10.0.40219.1
Project("{FAE04EC0-301F-11D3-BF4B-00C04F79EFBC}") = "Troco", "Troco\Troco.csproj", "{EAC79208-803A-47E1-A52A-8F99AC5DF4D8}"
EndProject
Global
	GlobalSection(SolutionConfigurationPlatforms) = preSolution
		Debug|Any CPU = Debug|Any CPU
		Release|Any CPU = Release|Any CPU
	EndGlobalSection
	GlobalSection(ProjectConfigurationPlatforms) = postSolution
		{EAC79208-803A-47E1-A52A-8F99AC5DF4D8}.Debug|Any CPU.ActiveCfg = Debug|Any CPU
		{EAC79208-803A-47E1-A52A-8F99AC5DF4D8}.Debug|Any CPU.Build.0 = Debug|Any CPU
		{EAC79208-803A-47E1-A52A-8F99AC5DF4D8}.Release|Any CPU.ActiveCfg = Release|Any CPU
		{EAC79208-803A-47E1-A52A-8F99AC5DF4D8}.Release|Any CPU.Build.0 = Release|Any CPU
	EndGlobalSection
	GlobalSection(SolutionProperties) = preSolution
		HideSolutionNode = FALSE
	EndGlobalSection
	GlobalSection(ExtensibilityGlobals) = postSolution
		SolutionGuid = {4202FA7A-ECBC-4071-B86C-3F955C1BB31B}
	EndGlobalSection
EndGlobal
